
Microsoft Visual Studio Solution File, Format Version 12.00
# Visual Studio 15
VisualStudioVersion = 15.0.27130.2036
MinimumVisualStudioVersion = 10.0.40219.1
Project("{FAE04EC0-301F-11D3-BF4B-00C04F79EFBC}") = "TopshelfService", "TopshelfService\TopshelfService.csproj", "{801C0BDE-A811-4FF8-AA06-FFDAFF0DE16B}"
EndProject
Project("{FAE04EC0-301F-11D3-BF4B-00C04F79EFBC}") = "ServiceCore", "ServiceCore\ServiceCore.csproj", "{458A31AB-15FF-476E-A68A-0CDC666D1B85}"
EndProject
Global
	GlobalSection(SolutionConfigurationPlatforms) = preSolution
		Debug|Any CPU = Debug|Any CPU
		Release|Any CPU = Release|Any CPU
	EndGlobalSection
	GlobalSection(ProjectConfigurationPlatforms) = postSolution
		{801C0BDE-A811-4FF8-AA06-FFDAFF0DE16B}.Debug|Any CPU.ActiveCfg = Debug|Any CPU
		{801C0BDE-A811-4FF8-AA06-FFDAFF0DE16B}.Debug|Any CPU.Build.0 = Debug|Any CPU
		{801C0BDE-A811-4FF8-AA06-FFDAFF0DE16B}.Release|Any CPU.ActiveCfg = Release|Any CPU
		{801C0BDE-A811-4FF8-AA06-FFDAFF0DE16B}.Release|Any CPU.Build.0 = Release|Any CPU
		{458A31AB-15FF-476E-A68A-0CDC666D1B85}.Debug|Any CPU.ActiveCfg = Debug|Any CPU
		{458A31AB-15FF-476E-A68A-0CDC666D1B85}.Debug|Any CPU.Build.0 = Debug|Any CPU
		{458A31AB-15FF-476E-A68A-0CDC666D1B85}.Release|Any CPU.ActiveCfg = Release|Any CPU
		{458A31AB-15FF-476E-A68A-0CDC666D1B85}.Release|Any CPU.Build.0 = Release|Any CPU
	EndGlobalSection
	GlobalSection(SolutionProperties) = preSolution
		HideSolutionNode = FALSE
	EndGlobalSection
	GlobalSection(ExtensibilityGlobals) = postSolution
		SolutionGuid = {D2041487-A6C1-4E49-9167-669F093EB5FB}
	EndGlobalSection
EndGlobal
